// !$*UTF8*$!
{
	archiveVersion = 1;
	classes = {
	};
	objectVersion = 50;
	objects = {

/* Begin PBXBuildFile section */
		497595F32695B94F0066C7AC /* AppDelegate.swift in Sources */ = {isa = PBXBuildFile; fileRef = 497595F22695B94F0066C7AC /* AppDelegate.swift */; };
		497595F72695B94F0066C7AC /* ViewController.swift in Sources */ = {isa = PBXBuildFile; fileRef = 497595F62695B94F0066C7AC /* ViewController.swift */; };
		497595FA2695B94F0066C7AC /* Main.storyboard in Resources */ = {isa = PBXBuildFile; fileRef = 497595F82695B94F0066C7AC /* Main.storyboard */; };
		497595FC2695B9500066C7AC /* Assets.xcassets in Resources */ = {isa = PBXBuildFile; fileRef = 497595FB2695B9500066C7AC /* Assets.xcassets */; };
		497595FF2695B9500066C7AC /* LaunchScreen.storyboard in Resources */ = {isa = PBXBuildFile; fileRef = 497595FD2695B9500066C7AC /* LaunchScreen.storyboard */; };
		497596072695CEB40066C7AC /* AnimalData.swift in Sources */ = {isa = PBXBuildFile; fileRef = 497596062695CEB40066C7AC /* AnimalData.swift */; };
		497596092695CEC10066C7AC /* AnimalManager.swift in Sources */ = {isa = PBXBuildFile; fileRef = 497596082695CEC10066C7AC /* AnimalManager.swift */; };
/* End PBXBuildFile section */

/* Begin PBXFileReference section */
		497595EF2695B94F0066C7AC /* ReadJSONFromURL.app */ = {isa = PBXFileReference; explicitFileType = wrapper.application; includeInIndex = 0; path = ReadJSONFromURL.app; sourceTree = BUILT_PRODUCTS_DIR; };
		497595F22695B94F0066C7AC /* AppDelegate.swift */ = {isa = PBXFileReference; lastKnownFileType = sourcecode.swift; path = AppDelegate.swift; sourceTree = "<group>"; };
		497595F62695B94F0066C7AC /* ViewController.swift */ = {isa = PBXFileReference; lastKnownFileType = sourcecode.swift; path = ViewController.swift; sourceTree = "<group>"; };
		497595F92695B94F0066C7AC /* Base */ = {isa = PBXFileReference; lastKnownFileType = file.storyboard; name = Base; path = Base.lproj/Main.storyboard; sourceTree = "<group>"; };
		497595FB2695B9500066C7AC /* Assets.xcassets */ = {isa = PBXFileReference; lastKnownFileType = folder.assetcatalog; path = Assets.xcassets; sourceTree = "<group>"; };
		497595FE2695B9500066C7AC /* Base */ = {isa = PBXFileReference; lastKnownFileType = file.storyboard; name = Base; path = Base.lproj/LaunchScreen.storyboard; sourceTree = "<group>"; };
		497596002695B9500066C7AC /* Info.plist */ = {isa = PBXFileReference; lastKnownFileType = text.plist.xml; path = Info.plist; sourceTree = "<group>"; };
		497596062695CEB40066C7AC /* AnimalData.swift */ = {isa = PBXFileReference; lastKnownFileType = sourcecode.swift; path = AnimalData.swift; sourceTree = "<group>"; };
		497596082695CEC10066C7AC /* AnimalManager.swift */ = {isa = PBXFileReference; lastKnownFileType = sourcecode.swift; path = AnimalManager.swift; sourceTree = "<group>"; };
/* End PBXFileReference section */

/* Begin PBXFrameworksBuildPhase section */
		497595EC2695B94F0066C7AC /* Frameworks */ = {
			isa = PBXFrameworksBuildPhase;
			buildActionMask = 2147483647;
			files = (
			);
			runOnlyForDeploymentPostprocessing = 0;
		};
/* End PBXFrameworksBuildPhase section */

/* Begin PBXGroup section */
		497595E62695B94F0066C7AC = {
			isa = PBXGroup;
			children = (
				497595F12695B94F0066C7AC /* ReadJSONFromURL */,
				497595F02695B94F0066C7AC /* Products */,
			);
			sourceTree = "<group>";
		};
		497595F02695B94F0066C7AC /* Products */ = {
			isa = PBXGroup;
			children = (
				497595EF2695B94F0066C7AC /* ReadJSONFromURL.app */,
			);
			name = Products;
			sourceTree = "<group>";
		};
		497595F12695B94F0066C7AC /* ReadJSONFromURL */ = {
			isa = PBXGroup;
			children = (
				497595F22695B94F0066C7AC /* AppDelegate.swift */,
				497595F62695B94F0066C7AC /* ViewController.swift */,
				497596062695CEB40066C7AC /* AnimalData.swift */,
				497596082695CEC10066C7AC /* AnimalManager.swift */,
				497595F82695B94F0066C7AC /* Main.storyboard */,
				497595FB2695B9500066C7AC /* Assets.xcassets */,
				497595FD2695B9500066C7AC /* LaunchScreen.storyboard */,
				497596002695B9500066C7AC /* Info.plist */,
			);
			path = ReadJSONFromURL;
			sourceTree = "<group>";
		};
/* End PBXGroup section */

/* Begin PBXNativeTarget section */
		497595EE2695B94F0066C7AC /* ReadJSONFromURL */ = {
			isa = PBXNativeTarget;
			buildConfigurationList = 497596032695B9500066C7AC /* Build configuration list for PBXNativeTarget "ReadJSONFromURL" */;
			buildPhases = (
				497595EB2695B94F0066C7AC /* Sources */,
				497595EC2695B94F0066C7AC /* Frameworks */,
				497595ED2695B94F0066C7AC /* Resources */,
			);
			buildRules = (
			);
			dependencies = (
			);
			name = ReadJSONFromURL;
			productName = ParseJSONFromURL;
			productReference = 497595EF2695B94F0066C7AC /* ReadJSONFromURL.app */;
			productType = "com.apple.product-type.application";
		};
/* End PBXNativeTarget section */

/* Begin PBXProject section */
		497595E72695B94F0066C7AC /* Project object */ = {
			isa = PBXProject;
			attributes = {
				LastSwiftUpdateCheck = 1250;
				LastUpgradeCheck = 1250;
				TargetAttributes = {
					497595EE2695B94F0066C7AC = {
						CreatedOnToolsVersion = 12.5;
					};
				};
			};
			buildConfigurationList = 497595EA2695B94F0066C7AC /* Build configuration list for PBXProject "ReadJSONFromURL" */;
			compatibilityVersion = "Xcode 9.3";
			developmentRegion = en;
			hasScannedForEncodings = 0;
			knownRegions = (
				en,
				Base,
			);
			mainGroup = 497595E62695B94F0066C7AC;
			productRefGroup = 497595F02695B94F0066C7AC /* Products */;
			projectDirPath = "";
			projectRoot = "";
			targets = (
				497595EE2695B94F0066C7AC /* ReadJSONFromURL */,
			);
		};
/* End PBXProject section */

/* Begin PBXResourcesBuildPhase section */
		497595ED2695B94F0066C7AC /* Resources */ = {
			isa = PBXResourcesBuildPhase;
			buildActionMask = 2147483647;
			files = (
				497595FF2695B9500066C7AC /* LaunchScreen.storyboard in Resources */,
				497595FC2695B9500066C7AC /* Assets.xcassets in Resources */,
				497595FA2695B94F0066C7AC /* Main.storyboard in Resources */,
			);
			runOnlyForDeploymentPostprocessing = 0;
		};
/* End PBXResourcesBuildPhase section */

/* Begin PBXSourcesBuildPhase section */
		497595EB2695B94F0066C7AC /* Sources */ = {
			isa = PBXSourcesBuildPhase;
			buildActionMask = 2147483647;
			files = (
				497595F72695B94F0066C7AC /* ViewController.swift in Sources */,
				497596072695CEB40066C7AC /* AnimalData.swift in Sources */,
				497595F32695B94F0066C7AC /* AppDelegate.swift in Sources */,
				497596092695CEC10066C7AC /* AnimalManager.swift in Sources */,
			);
			runOnlyForDeploymentPostprocessing = 0;
		};
/* End PBXSourcesBuildPhase section */

/* Begin PBXVariantGroup section */
		497595F82695B94F0066C7AC /* Main.storyboard */ = {
			isa = PBXVariantGroup;
			children = (
				497595F92695B94F0066C7AC /* Base */,
			);
			name = Main.storyboard;
			sourceTree = "<group>";
		};
		497595FD2695B9500066C7AC /* LaunchScreen.storyboard */ = {
			isa = PBXVariantGroup;
			children = (
				497595FE2695B9500066C7AC /* Base */,
			);
			name = LaunchScreen.storyboard;
			sourceTree = "<group>";
		};
/* End PBXVariantGroup section */

/* Begin XCBuildConfiguration section */
		497596012695B9500066C7AC /* Debug */ = {
			isa = XCBuildConfiguration;
			buildSettings = {
				ALWAYS_SEARCH_USER_PATHS = NO;
				CLANG_ANALYZER_NONNULL = YES;
				CLANG_ANALYZER_NUMBER_OBJECT_CONVERSION = YES_AGGRESSIVE;
				CLANG_CXX_LANGUAGE_STANDARD = "gnu++14";
				CLANG_CXX_LIBRARY = "libc++";
				CLANG_ENABLE_MODULES = YES;
				CLANG_ENABLE_OBJC_ARC = YES;
				CLANG_ENABLE_OBJC_WEAK = YES;
				CLANG_WARN_BLOCK_CAPTURE_AUTORELEASING = YES;
				CLANG_WARN_BOOL_CONVERSION = YES;
				CLANG_WARN_COMMA = YES;
				CLANG_WARN_CONSTANT_CONVERSION = YES;
				CLANG_WARN_DEPRECATED_OBJC_IMPLEMENTATIONS = YES;
				CLANG_WARN_DIRECT_OBJC_ISA_USAGE = YES_ERROR;
				CLANG_WARN_DOCUMENTATION_COMMENTS = YES;
				CLANG_WARN_EMPTY_BODY = YES;
				CLANG_WARN_ENUM_CONVERSION = YES;
				CLANG_WARN_INFINITE_RECURSION = YES;
				CLANG_WARN_INT_CONVERSION = YES;
				CLANG_WARN_NON_LITERAL_NULL_CONVERSION = YES;
				CLANG_WARN_OBJC_IMPLICIT_RETAIN_SELF = YES;
				CLANG_WARN_OBJC_LITERAL_CONVERSION = YES;
				CLANG_WARN_OBJC_ROOT_CLASS = YES_ERROR;
				CLANG_WARN_QUOTED_INCLUDE_IN_FRAMEWORK_HEADER = YES;
				CLANG_WARN_RANGE_LOOP_ANALYSIS = YES;
				CLANG_WARN_STRICT_PROTOTYPES = YES;
				CLANG_WARN_SUSPICIOUS_MOVE = YES;
				CLANG_WARN_UNGUARDED_AVAILABILITY = YES_AGGRESSIVE;
				CLANG_WARN_UNREACHABLE_CODE = YES;
				CLANG_WARN__DUPLICATE_METHOD_MATCH = YES;
				COPY_PHASE_STRIP = NO;
				DEBUG_INFORMATION_FORMAT = dwarf;
				ENABLE_STRICT_OBJC_MSGSEND = YES;
				ENABLE_TESTABILITY = YES;
				GCC_C_LANGUAGE_STANDARD = gnu11;
				GCC_DYNAMIC_NO_PIC = NO;
				GCC_NO_COMMON_BLOCKS = YES;
				GCC_OPTIMIZATION_LEVEL = 0;
				GCC_PREPROCESSOR_DEFINITIONS = (
					"DEBUG=1",
					"$(inherited)",
				);
				GCC_WARN_64_TO_32_BIT_CONVERSION = YES;
				GCC_WARN_ABOUT_RETURN_TYPE = YES_ERROR;
				GCC_WARN_UNDECLARED_SELECTOR = YES;
				GCC_WARN_UNINITIALIZED_AUTOS = YES_AGGRESSIVE;
				GCC_WARN_UNUSED_FUNCTION = YES;
				GCC_WARN_UNUSED_VARIABLE = YES;
				IPHONEOS_DEPLOYMENT_TARGET = 14.5;
				MTL_ENABLE_DEBUG_INFO = INCLUDE_SOURCE;
				MTL_FAST_MATH = YES;
				ONLY_ACTIVE_ARCH = YES;
				SDKROOT = iphoneos;
				SWIFT_ACTIVE_COMPILATION_CONDITIONS = DEBUG;
				SWIFT_OPTIMIZATION_LEVEL = "-Onone";
			};
			name = Debug;
		};
		497596022695B9500066C7AC /* Release */ = {
			isa = XCBuildConfiguration;
			buildSettings = {
				ALWAYS_SEARCH_USER_PATHS = NO;
				CLANG_ANALYZER_NONNULL = YES;
				CLANG_ANALYZER_NUMBER_OBJECT_CONVERSION = YES_AGGRESSIVE;
				CLANG_CXX_LANGUAGE_STANDARD = "gnu++14";
				CLANG_CXX_LIBRARY = "libc++";
				CLANG_ENABLE_MODULES = YES;
				CLANG_ENABLE_OBJC_ARC = YES;
				CLANG_ENABLE_OBJC_WEAK = YES;
				CLANG_WARN_BLOCK_CAPTURE_AUTORELEASING = YES;
				CLANG_WARN_BOOL_CONVERSION = YES;
				CLANG_WARN_COMMA = YES;
				CLANG_WARN_CONSTANT_CONVERSION = YES;
				CLANG_WARN_DEPRECATED_OBJC_IMPLEMENTATIONS = YES;
				CLANG_WARN_DIRECT_OBJC_ISA_USAGE = YES_ERROR;
				CLANG_WARN_DOCUMENTATION_COMMENTS = YES;
				CLANG_WARN_EMPTY_BODY = YES;
				CLANG_WARN_ENUM_CONVERSION = YES;
				CLANG_WARN_INFINITE_RECURSION = YES;
				CLANG_WARN_INT_CONVERSION = YES;
				CLANG_WARN_NON_LITERAL_NULL_CONVERSION = YES;
				CLANG_WARN_OBJC_IMPLICIT_RETAIN_SELF = YES;
				CLANG_WARN_OBJC_LITERAL_CONVERSION = YES;
				CLANG_WARN_OBJC_ROOT_CLASS = YES_ERROR;
				CLANG_WARN_QUOTED_INCLUDE_IN_FRAMEWORK_HEADER = YES;
				CLANG_WARN_RANGE_LOOP_ANALYSIS = YES;
				CLANG_WARN_STRICT_PROTOTYPES = YES;
				CLANG_WARN_SUSPICIOUS_MOVE = YES;
				CLANG_WARN_UNGUARDED_AVAILABILITY = YES_AGGRESSIVE;
				CLANG_WARN_UNREACHABLE_CODE = YES;
				CLANG_WARN__DUPLICATE_METHOD_MATCH = YES;
				COPY_PHASE_STRIP = NO;
				DEBUG_INFORMATION_FORMAT = "dwarf-with-dsym";
				ENABLE_NS_ASSERTIONS = NO;
				ENABLE_STRICT_OBJC_MSGSEND = YES;
				GCC_C_LANGUAGE_STANDARD = gnu11;
				GCC_NO_COMMON_BLOCKS = YES;
				GCC_WARN_64_TO_32_BIT_CONVERSION = YES;
				GCC_WARN_ABOUT_RETURN_TYPE = YES_ERROR;
				GCC_WARN_UNDECLARED_SELECTOR = YES;
				GCC_WARN_UNINITIALIZED_AUTOS = YES_AGGRESSIVE;
				GCC_WARN_UNUSED_FUNCTION = YES;
				GCC_WARN_UNUSED_VARIABLE = YES;
				IPHONEOS_DEPLOYMENT_TARGET = 14.5;
				MTL_ENABLE_DEBUG_INFO = NO;
				MTL_FAST_MATH = YES;
				SDKROOT = iphoneos;
				SWIFT_COMPILATION_MODE = wholemodule;
				SWIFT_OPTIMIZATION_LEVEL = "-O";
				VALIDATE_PRODUCT = YES;
			};
			name = Release;
		};
		497596042695B9500066C7AC /* Debug */ = {
			isa = XCBuildConfiguration;
			buildSettings = {
				ASSETCATALOG_COMPILER_APPICON_NAME = AppIcon;
				ASSETCATALOG_COMPILER_GLOBAL_ACCENT_COLOR_NAME = AccentColor;
				CODE_SIGN_STYLE = Automatic;
				INFOPLIST_FILE = ReadJSONFromURL/Info.plist;
				LD_RUNPATH_SEARCH_PATHS = (
					"$(inherited)",
					"@executable_path/Frameworks",
				);
				PRODUCT_BUNDLE_IDENTIFIER = com.aditi.ReadJSONFromURL;
				PRODUCT_NAME = "$(TARGET_NAME)";
				SWIFT_VERSION = 5.0;
				TARGETED_DEVICE_FAMILY = "1,2";
			};
			name = Debug;
		};
		497596052695B9500066C7AC /* Release */ = {
			isa = XCBuildConfiguration;
			buildSettings = {
				ASSETCATALOG_COMPILER_APPICON_NAME = AppIcon;
				ASSETCATALOG_COMPILER_GLOBAL_ACCENT_COLOR_NAME = AccentColor;
				CODE_SIGN_STYLE = Automatic;
				INFOPLIST_FILE = ReadJSONFromURL/Info.plist;
				LD_RUNPATH_SEARCH_PATHS = (
					"$(inherited)",
					"@executable_path/Frameworks",
				);
				PRODUCT_BUNDLE_IDENTIFIER = com.aditi.ReadJSONFromURL;
				PRODUCT_NAME = "$(TARGET_NAME)";
				SWIFT_VERSION = 5.0;
				TARGETED_DEVICE_FAMILY = "1,2";
			};
			name = Release;
		};
/* End XCBuildConfiguration section */

/* Begin XCConfigurationList section */
		497595EA2695B94F0066C7AC /* Build configuration list for PBXProject "ReadJSONFromURL" */ = {
			isa = XCConfigurationList;
			buildConfigurations = (
				497596012695B9500066C7AC /* Debug */,
				497596022695B9500066C7AC /* Release */,
			);
			defaultConfigurationIsVisible = 0;
			defaultConfigurationName = Release;
		};
		497596032695B9500066C7AC /* Build configuration list for PBXNativeTarget "ReadJSONFromURL" */ = {
			isa = XCConfigurationList;
			buildConfigurations = (
				497596042695B9500066C7AC /* Debug */,
				497596052695B9500066C7AC /* Release */,
			);
			defaultConfigurationIsVisible = 0;
			defaultConfigurationName = Release;
		};
/* End XCConfigurationList section */
	};
	rootObject = 497595E72695B94F0066C7AC /* Project object */;
}
